Microsoft Visual Studio Solution File, Format Version 11.00
# Visual Studio 2008

Project("{BF47A11D-D9C0-A814-1FF1-EBF2553A0BFB}") = "Orca2015", "Assembly-CSharp.csproj", "{A4AE6255-225F-09C7-56F1-D9688699CA10}"
EndProject
Project("{BF47A11D-D9C0-A814-1FF1-EBF2553A0BFB}") = "Orca2015", "Assembly-CSharp-Editor.csproj", "{D4B56955-D22B-6067-30F0-1C4AB54EAC27}"
EndProject
Global
	GlobalSection(SolutionConfigurationPlatforms) = preSolution
		Debug|Any CPU = Debug|Any CPU
		Release|Any CPU = Release|Any CPU
	EndGlobalSection
	GlobalSection(ProjectConfigurationPlatforms) = postSolution
		{A4AE6255-225F-09C7-56F1-D9688699CA10}.Debug|Any CPU.ActiveCfg = Debug|Any CPU
		{A4AE6255-225F-09C7-56F1-D9688699CA10}.Debug|Any CPU.Build.0 = Debug|Any CPU
		{A4AE6255-225F-09C7-56F1-D9688699CA10}.Release|Any CPU.ActiveCfg = Release|Any CPU
		{A4AE6255-225F-09C7-56F1-D9688699CA10}.Release|Any CPU.Build.0 = Release|Any CPU
		{D4B56955-D22B-6067-30F0-1C4AB54EAC27}.Debug|Any CPU.ActiveCfg = Debug|Any CPU
		{D4B56955-D22B-6067-30F0-1C4AB54EAC27}.Debug|Any CPU.Build.0 = Debug|Any CPU
		{D4B56955-D22B-6067-30F0-1C4AB54EAC27}.Release|Any CPU.ActiveCfg = Release|Any CPU
		{D4B56955-D22B-6067-30F0-1C4AB54EAC27}.Release|Any CPU.Build.0 = Release|Any CPU
	EndGlobalSection
	GlobalSection(SolutionProperties) = preSolution
		HideSolutionNode = FALSE
	EndGlobalSection
		GlobalSection(MonoDevelopProperties) = preSolution
		StartupItem = Assembly-CSharp.csproj
		Policies = $0
		$0.TextStylePolicy = $1
		$1.inheritsSet = null
		$1.scope = text/x-csharp
		$0.CSharpFormattingPolicy = $2
		$2.inheritsSet = Mono
		$2.inheritsScope = text/x-csharp
		$2.scope = text/x-csharp
		$0.TextStylePolicy = $3
		$3.FileWidth = 120
		$3.TabWidth = 4
		$3.IndentWidth = 4
		$3.EolMarker = Unix
		$3.inheritsSet = Mono
		$3.inheritsScope = text/plain
		$3.scope = text/plain
	EndGlobalSection

EndGlobal
